
Microsoft Visual Studio Solution File, Format Version 12.00
Project("{FAE04EC0-301F-11D3-BF4B-00C04F79EFBC}") = "MyProgrammingLanguage", "MyProgrammingLanguage\MyProgrammingLanguage.csproj", "{04AB702A-D392-4F44-B174-5CEAFB45789C}"
EndProject
Global
	GlobalSection(SolutionConfigurationPlatforms) = preSolution
		Debug|Any CPU = Debug|Any CPU
		Release|Any CPU = Release|Any CPU
	EndGlobalSection
	GlobalSection(ProjectConfigurationPlatforms) = postSolution
		{04AB702A-D392-4F44-B174-5CEAFB45789C}.Debug|Any CPU.ActiveCfg = Debug|Any CPU
		{04AB702A-D392-4F44-B174-5CEAFB45789C}.Debug|Any CPU.Build.0 = Debug|Any CPU
		{04AB702A-D392-4F44-B174-5CEAFB45789C}.Release|Any CPU.ActiveCfg = Release|Any CPU
		{04AB702A-D392-4F44-B174-5CEAFB45789C}.Release|Any CPU.Build.0 = Release|Any CPU
	EndGlobalSection
EndGlobal
